// !$*UTF8*$!
{
	archiveVersion = 1;
	classes = {
	};
	objectVersion = 50;
	objects = {

/* Begin PBXBuildFile section */
		976D114221FA6C4F0076D81D /* AppDelegate.swift in Sources */ = {isa = PBXBuildFile; fileRef = 976D114121FA6C4F0076D81D /* AppDelegate.swift */; };
		976D114921FA6C510076D81D /* Assets.xcassets in Resources */ = {isa = PBXBuildFile; fileRef = 976D114821FA6C510076D81D /* Assets.xcassets */; };
		976D114C21FA6C510076D81D /* LaunchScreen.storyboard in Resources */ = {isa = PBXBuildFile; fileRef = 976D114A21FA6C510076D81D /* LaunchScreen.storyboard */; };
		976D115421FA6ECF0076D81D /* MainViewController.swift in Sources */ = {isa = PBXBuildFile; fileRef = 976D115321FA6ECF0076D81D /* MainViewController.swift */; };
		976D115621FA6ED90076D81D /* DetailViewController.swift in Sources */ = {isa = PBXBuildFile; fileRef = 976D115521FA6ED90076D81D /* DetailViewController.swift */; };
		976D115821FA6EF20076D81D /* MainView.swift in Sources */ = {isa = PBXBuildFile; fileRef = 976D115721FA6EF20076D81D /* MainView.swift */; };
		976D115A21FA6EFF0076D81D /* DetailView.swift in Sources */ = {isa = PBXBuildFile; fileRef = 976D115921FA6EFF0076D81D /* DetailView.swift */; };
/* End PBXBuildFile section */

/* Begin PBXFileReference section */
		976D113E21FA6C4F0076D81D /* ProgrammaticUIPractice.app */ = {isa = PBXFileReference; explicitFileType = wrapper.application; includeInIndex = 0; path = ProgrammaticUIPractice.app; sourceTree = BUILT_PRODUCTS_DIR; };
		976D114121FA6C4F0076D81D /* AppDelegate.swift */ = {isa = PBXFileReference; lastKnownFileType = sourcecode.swift; path = AppDelegate.swift; sourceTree = "<group>"; };
		976D114821FA6C510076D81D /* Assets.xcassets */ = {isa = PBXFileReference; lastKnownFileType = folder.assetcatalog; path = Assets.xcassets; sourceTree = "<group>"; };
		976D114B21FA6C510076D81D /* Base */ = {isa = PBXFileReference; lastKnownFileType = file.storyboard; name = Base; path = Base.lproj/LaunchScreen.storyboard; sourceTree = "<group>"; };
		976D114D21FA6C510076D81D /* Info.plist */ = {isa = PBXFileReference; lastKnownFileType = text.plist.xml; path = Info.plist; sourceTree = "<group>"; };
		976D115321FA6ECF0076D81D /* MainViewController.swift */ = {isa = PBXFileReference; lastKnownFileType = sourcecode.swift; path = MainViewController.swift; sourceTree = "<group>"; };
		976D115521FA6ED90076D81D /* DetailViewController.swift */ = {isa = PBXFileReference; lastKnownFileType = sourcecode.swift; path = DetailViewController.swift; sourceTree = "<group>"; };
		976D115721FA6EF20076D81D /* MainView.swift */ = {isa = PBXFileReference; lastKnownFileType = sourcecode.swift; path = MainView.swift; sourceTree = "<group>"; };
		976D115921FA6EFF0076D81D /* DetailView.swift */ = {isa = PBXFileReference; lastKnownFileType = sourcecode.swift; path = DetailView.swift; sourceTree = "<group>"; };
/* End PBXFileReference section */

/* Begin PBXFrameworksBuildPhase section */
		976D113B21FA6C4F0076D81D /* Frameworks */ = {
			isa = PBXFrameworksBuildPhase;
			buildActionMask = 2147483647;
			files = (
			);
			runOnlyForDeploymentPostprocessing = 0;
		};
/* End PBXFrameworksBuildPhase section */

/* Begin PBXGroup section */
		976D113521FA6C4F0076D81D = {
			isa = PBXGroup;
			children = (
				976D114021FA6C4F0076D81D /* ProgrammaticUIPractice */,
				976D113F21FA6C4F0076D81D /* Products */,
			);
			sourceTree = "<group>";
		};
		976D113F21FA6C4F0076D81D /* Products */ = {
			isa = PBXGroup;
			children = (
				976D113E21FA6C4F0076D81D /* ProgrammaticUIPractice.app */,
			);
			name = Products;
			sourceTree = "<group>";
		};
		976D114021FA6C4F0076D81D /* ProgrammaticUIPractice */ = {
			isa = PBXGroup;
			children = (
				976D114121FA6C4F0076D81D /* AppDelegate.swift */,
				976D115321FA6ECF0076D81D /* MainViewController.swift */,
				976D115721FA6EF20076D81D /* MainView.swift */,
				976D115521FA6ED90076D81D /* DetailViewController.swift */,
				976D115921FA6EFF0076D81D /* DetailView.swift */,
				976D114821FA6C510076D81D /* Assets.xcassets */,
				976D114A21FA6C510076D81D /* LaunchScreen.storyboard */,
				976D114D21FA6C510076D81D /* Info.plist */,
			);
			path = ProgrammaticUIPractice;
			sourceTree = "<group>";
		};
/* End PBXGroup section */

/* Begin PBXNativeTarget section */
		976D113D21FA6C4F0076D81D /* ProgrammaticUIPractice */ = {
			isa = PBXNativeTarget;
			buildConfigurationList = 976D115021FA6C510076D81D /* Build configuration list for PBXNativeTarget "ProgrammaticUIPractice" */;
			buildPhases = (
				976D113A21FA6C4F0076D81D /* Sources */,
				976D113B21FA6C4F0076D81D /* Frameworks */,
				976D113C21FA6C4F0076D81D /* Resources */,
			);
			buildRules = (
			);
			dependencies = (
			);
			name = ProgrammaticUIPractice;
			productName = ProgrammaticUIPractice;
			productReference = 976D113E21FA6C4F0076D81D /* ProgrammaticUIPractice.app */;
			productType = "com.apple.product-type.application";
		};
/* End PBXNativeTarget section */

/* Begin PBXProject section */
		976D113621FA6C4F0076D81D /* Project object */ = {
			isa = PBXProject;
			attributes = {
				LastSwiftUpdateCheck = 1010;
				LastUpgradeCheck = 1010;
				ORGANIZATIONNAME = "Stephanie Ramirez";
				TargetAttributes = {
					976D113D21FA6C4F0076D81D = {
						CreatedOnToolsVersion = 10.1;
					};
				};
			};
			buildConfigurationList = 976D113921FA6C4F0076D81D /* Build configuration list for PBXProject "ProgrammaticUIPractice" */;
			compatibilityVersion = "Xcode 9.3";
			developmentRegion = en;
			hasScannedForEncodings = 0;
			knownRegions = (
				en,
				Base,
			);
			mainGroup = 976D113521FA6C4F0076D81D;
			productRefGroup = 976D113F21FA6C4F0076D81D /* Products */;
			projectDirPath = "";
			projectRoot = "";
			targets = (
				976D113D21FA6C4F0076D81D /* ProgrammaticUIPractice */,
			);
		};
/* End PBXProject section */

/* Begin PBXResourcesBuildPhase section */
		976D113C21FA6C4F0076D81D /* Resources */ = {
			isa = PBXResourcesBuildPhase;
			buildActionMask = 2147483647;
			files = (
				976D114C21FA6C510076D81D /* LaunchScreen.storyboard in Resources */,
				976D114921FA6C510076D81D /* Assets.xcassets in Resources */,
			);
			runOnlyForDeploymentPostprocessing = 0;
		};
/* End PBXResourcesBuildPhase section */

/* Begin PBXSourcesBuildPhase section */
		976D113A21FA6C4F0076D81D /* Sources */ = {
			isa = PBXSourcesBuildPhase;
			buildActionMask = 2147483647;
			files = (
				976D115621FA6ED90076D81D /* DetailViewController.swift in Sources */,
				976D115821FA6EF20076D81D /* MainView.swift in Sources */,
				976D114221FA6C4F0076D81D /* AppDelegate.swift in Sources */,
				976D115A21FA6EFF0076D81D /* DetailView.swift in Sources */,
				976D115421FA6ECF0076D81D /* MainViewController.swift in Sources */,
			);
			runOnlyForDeploymentPostprocessing = 0;
		};
/* End PBXSourcesBuildPhase section */

/* Begin PBXVariantGroup section */
		976D114A21FA6C510076D81D /* LaunchScreen.storyboard */ = {
			isa = PBXVariantGroup;
			children = (
				976D114B21FA6C510076D81D /* Base */,
			);
			name = LaunchScreen.storyboard;
			sourceTree = "<group>";
		};
/* End PBXVariantGroup section */

/* Begin XCBuildConfiguration section */
		976D114E21FA6C510076D81D /* Debug */ = {
			isa = XCBuildConfiguration;
			buildSettings = {
				ALWAYS_SEARCH_USER_PATHS = NO;
				CLANG_ANALYZER_NONNULL = YES;
				CLANG_ANALYZER_NUMBER_OBJECT_CONVERSION = YES_AGGRESSIVE;
				CLANG_CXX_LANGUAGE_STANDARD = "gnu++14";
				CLANG_CXX_LIBRARY = "libc++";
				CLANG_ENABLE_MODULES = YES;
				CLANG_ENABLE_OBJC_ARC = YES;
				CLANG_ENABLE_OBJC_WEAK = YES;
				CLANG_WARN_BLOCK_CAPTURE_AUTORELEASING = YES;
				CLANG_WARN_BOOL_CONVERSION = YES;
				CLANG_WARN_COMMA = YES;
				CLANG_WARN_CONSTANT_CONVERSION = YES;
				CLANG_WARN_DEPRECATED_OBJC_IMPLEMENTATIONS = YES;
				CLANG_WARN_DIRECT_OBJC_ISA_USAGE = YES_ERROR;
				CLANG_WARN_DOCUMENTATION_COMMENTS = YES;
				CLANG_WARN_EMPTY_BODY = YES;
				CLANG_WARN_ENUM_CONVERSION = YES;
				CLANG_WARN_INFINITE_RECURSION = YES;
				CLANG_WARN_INT_CONVERSION = YES;
				CLANG_WARN_NON_LITERAL_NULL_CONVERSION = YES;
				CLANG_WARN_OBJC_IMPLICIT_RETAIN_SELF = YES;
				CLANG_WARN_OBJC_LITERAL_CONVERSION = YES;
				CLANG_WARN_OBJC_ROOT_CLASS = YES_ERROR;
				CLANG_WARN_RANGE_LOOP_ANALYSIS = YES;
				CLANG_WARN_STRICT_PROTOTYPES = YES;
				CLANG_WARN_SUSPICIOUS_MOVE = YES;
				CLANG_WARN_UNGUARDED_AVAILABILITY = YES_AGGRESSIVE;
				CLANG_WARN_UNREACHABLE_CODE = YES;
				CLANG_WARN__DUPLICATE_METHOD_MATCH = YES;
				CODE_SIGN_IDENTITY = "iPhone Developer";
				COPY_PHASE_STRIP = NO;
				DEBUG_INFORMATION_FORMAT = dwarf;
				ENABLE_STRICT_OBJC_MSGSEND = YES;
				ENABLE_TESTABILITY = YES;
				GCC_C_LANGUAGE_STANDARD = gnu11;
				GCC_DYNAMIC_NO_PIC = NO;
				GCC_NO_COMMON_BLOCKS = YES;
				GCC_OPTIMIZATION_LEVEL = 0;
				GCC_PREPROCESSOR_DEFINITIONS = (
					"DEBUG=1",
					"$(inherited)",
				);
				GCC_WARN_64_TO_32_BIT_CONVERSION = YES;
				GCC_WARN_ABOUT_RETURN_TYPE = YES_ERROR;
				GCC_WARN_UNDECLARED_SELECTOR = YES;
				GCC_WARN_UNINITIALIZED_AUTOS = YES_AGGRESSIVE;
				GCC_WARN_UNUSED_FUNCTION = YES;
				GCC_WARN_UNUSED_VARIABLE = YES;
				IPHONEOS_DEPLOYMENT_TARGET = 12.1;
				MTL_ENABLE_DEBUG_INFO = INCLUDE_SOURCE;
				MTL_FAST_MATH = YES;
				ONLY_ACTIVE_ARCH = YES;
				SDKROOT = iphoneos;
				SWIFT_ACTIVE_COMPILATION_CONDITIONS = DEBUG;
				SWIFT_OPTIMIZATION_LEVEL = "-Onone";
			};
			name = Debug;
		};
		976D114F21FA6C510076D81D /* Release */ = {
			isa = XCBuildConfiguration;
			buildSettings = {
				ALWAYS_SEARCH_USER_PATHS = NO;
				CLANG_ANALYZER_NONNULL = YES;
				CLANG_ANALYZER_NUMBER_OBJECT_CONVERSION = YES_AGGRESSIVE;
				CLANG_CXX_LANGUAGE_STANDARD = "gnu++14";
				CLANG_CXX_LIBRARY = "libc++";
				CLANG_ENABLE_MODULES = YES;
				CLANG_ENABLE_OBJC_ARC = YES;
				CLANG_ENABLE_OBJC_WEAK = YES;
				CLANG_WARN_BLOCK_CAPTURE_AUTORELEASING = YES;
				CLANG_WARN_BOOL_CONVERSION = YES;
				CLANG_WARN_COMMA = YES;
				CLANG_WARN_CONSTANT_CONVERSION = YES;
				CLANG_WARN_DEPRECATED_OBJC_IMPLEMENTATIONS = YES;
				CLANG_WARN_DIRECT_OBJC_ISA_USAGE = YES_ERROR;
				CLANG_WARN_DOCUMENTATION_COMMENTS = YES;
				CLANG_WARN_EMPTY_BODY = YES;
				CLANG_WARN_ENUM_CONVERSION = YES;
				CLANG_WARN_INFINITE_RECURSION = YES;
				CLANG_WARN_INT_CONVERSION = YES;
				CLANG_WARN_NON_LITERAL_NULL_CONVERSION = YES;
				CLANG_WARN_OBJC_IMPLICIT_RETAIN_SELF = YES;
				CLANG_WARN_OBJC_LITERAL_CONVERSION = YES;
				CLANG_WARN_OBJC_ROOT_CLASS = YES_ERROR;
				CLANG_WARN_RANGE_LOOP_ANALYSIS = YES;
				CLANG_WARN_STRICT_PROTOTYPES = YES;
				CLANG_WARN_SUSPICIOUS_MOVE = YES;
				CLANG_WARN_UNGUARDED_AVAILABILITY = YES_AGGRESSIVE;
				CLANG_WARN_UNREACHABLE_CODE = YES;
				CLANG_WARN__DUPLICATE_METHOD_MATCH = YES;
				CODE_SIGN_IDENTITY = "iPhone Developer";
				COPY_PHASE_STRIP = NO;
				DEBUG_INFORMATION_FORMAT = "dwarf-with-dsym";
				ENABLE_NS_ASSERTIONS = NO;
				ENABLE_STRICT_OBJC_MSGSEND = YES;
				GCC_C_LANGUAGE_STANDARD = gnu11;
				GCC_NO_COMMON_BLOCKS = YES;
				GCC_WARN_64_TO_32_BIT_CONVERSION = YES;
				GCC_WARN_ABOUT_RETURN_TYPE = YES_ERROR;
				GCC_WARN_UNDECLARED_SELECTOR = YES;
				GCC_WARN_UNINITIALIZED_AUTOS = YES_AGGRESSIVE;
				GCC_WARN_UNUSED_FUNCTION = YES;
				GCC_WARN_UNUSED_VARIABLE = YES;
				IPHONEOS_DEPLOYMENT_TARGET = 12.1;
				MTL_ENABLE_DEBUG_INFO = NO;
				MTL_FAST_MATH = YES;
				SDKROOT = iphoneos;
				SWIFT_COMPILATION_MODE = wholemodule;
				SWIFT_OPTIMIZATION_LEVEL = "-O";
				VALIDATE_PRODUCT = YES;
			};
			name = Release;
		};
		976D115121FA6C510076D81D /* Debug */ = {
			isa = XCBuildConfiguration;
			buildSettings = {
				ASSETCATALOG_COMPILER_APPICON_NAME = AppIcon;
				CODE_SIGN_STYLE = Automatic;
				DEVELOPMENT_TEAM = FSUP887MQU;
				INFOPLIST_FILE = ProgrammaticUIPractice/Info.plist;
				LD_RUNPATH_SEARCH_PATHS = (
					"$(inherited)",
					"@executable_path/Frameworks",
				);
				PRODUCT_BUNDLE_IDENTIFIER = "Pursuit-Unit-2.ProgrammaticUIPractice";
				PRODUCT_NAME = "$(TARGET_NAME)";
				SWIFT_VERSION = 4.2;
				TARGETED_DEVICE_FAMILY = "1,2";
			};
			name = Debug;
		};
		976D115221FA6C510076D81D /* Release */ = {
			isa = XCBuildConfiguration;
			buildSettings = {
				ASSETCATALOG_COMPILER_APPICON_NAME = AppIcon;
				CODE_SIGN_STYLE = Automatic;
				DEVELOPMENT_TEAM = FSUP887MQU;
				INFOPLIST_FILE = ProgrammaticUIPractice/Info.plist;
				LD_RUNPATH_SEARCH_PATHS = (
					"$(inherited)",
					"@executable_path/Frameworks",
				);
				PRODUCT_BUNDLE_IDENTIFIER = "Pursuit-Unit-2.ProgrammaticUIPractice";
				PRODUCT_NAME = "$(TARGET_NAME)";
				SWIFT_VERSION = 4.2;
				TARGETED_DEVICE_FAMILY = "1,2";
			};
			name = Release;
		};
/* End XCBuildConfiguration section */

/* Begin XCConfigurationList section */
		976D113921FA6C4F0076D81D /* Build configuration list for PBXProject "ProgrammaticUIPractice" */ = {
			isa = XCConfigurationList;
			buildConfigurations = (
				976D114E21FA6C510076D81D /* Debug */,
				976D114F21FA6C510076D81D /* Release */,
			);
			defaultConfigurationIsVisible = 0;
			defaultConfigurationName = Release;
		};
		976D115021FA6C510076D81D /* Build configuration list for PBXNativeTarget "ProgrammaticUIPractice" */ = {
			isa = XCConfigurationList;
			buildConfigurations = (
				976D115121FA6C510076D81D /* Debug */,
				976D115221FA6C510076D81D /* Release */,
			);
			defaultConfigurationIsVisible = 0;
			defaultConfigurationName = Release;
		};
/* End XCConfigurationList section */
	};
	rootObject = 976D113621FA6C4F0076D81D /* Project object */;
}
